<?xml version="1.0"?>
<CONFIG>
  <ProjectOptions>
    <Version Value="9"/>
    <PathDelim Value="\"/>
    <General>
      <MainUnit Value="0"/>
      <Title Value="WiFi WPA enterprise configurator "/>
      <UseAppBundle Value="False"/>
      <ResourceType Value="res"/>
      <UseXPManifest Value="True"/>
      <XPManifest>
        <DpiAware Value="True"/>
        <ExecutionLevel Value="2"/>
      </XPManifest>
      <Icon Value="0"/>
      <ActiveWindowIndexAtStart Value="0"/>
    </General>
    <i18n>
      <EnableI18N LFM="False"/>
    </i18n>
    <VersionInfo>
      <UseVersionInfo Value="True"/>
      <AutoIncrementBuild Value="True"/>
      <MajorVersionNr Value="2"/>
      <MinorVersionNr Value="2"/>
      <BuildNr Value="173"/>
      <StringTable CompanyName="Inverse" ProductName="802.1x configurator" ProductVersion=""/>
    </VersionInfo>
    <BuildModes Count="1" Active="Default">
      <Item1 Name="Default" Default="True"/>
    </BuildModes>
    <PublishOptions>
      <Version Value="2"/>
      <DestinationDirectory Value="F:\radius\program\111111111"/>
      <IncludeFileFilter Value="*.(pas|pp|inc|lfm|lpr|lrs|lpi|lpk|sh|xml)"/>
      <ExcludeFileFilter Value="*.(bak|ppu|o|so);*~;backup"/>
    </PublishOptions>
    <RunParams>
      <local>
        <FormatVersion Value="1"/>
      </local>
    </RunParams>
    <RequiredPackages Count="1">
      <Item1>
        <PackageName Value="LCL"/>
      </Item1>
    </RequiredPackages>
    <Units Count="8">
      <Unit0>
        <Filename Value="WPA_Ent_Config.lpr"/>
        <IsPartOfProject Value="True"/>
        <UnitName Value="WPA_Ent_Config"/>
        <EditorIndex Value="0"/>
        <WindowIndex Value="0"/>
        <TopLine Value="1"/>
        <CursorPos X="28" Y="16"/>
        <UsageCount Value="261"/>
        <Loaded Value="True"/>
      </Unit0>
      <Unit1>
        <Filename Value="unit1.pas"/>
        <IsPartOfProject Value="True"/>
        <ComponentName Value="Form1"/>
        <HasResources Value="True"/>
        <ResourceBaseClass Value="Form"/>
        <UnitName Value="Unit1"/>
        <IsVisibleTab Value="True"/>
        <EditorIndex Value="3"/>
        <WindowIndex Value="0"/>
        <TopLine Value="198"/>
        <CursorPos X="41" Y="216"/>
        <UsageCount Value="261"/>
        <Loaded Value="True"/>
        <LoadedDesigner Value="True"/>
      </Unit1>
      <Unit2>
        <Filename Value="unit1.lfm"/>
        <ComponentName Value="Form1"/>
        <HasResources Value="True"/>
        <ResourceBaseClass Value="Form"/>
        <WindowIndex Value="0"/>
        <TopLine Value="1"/>
        <CursorPos X="1" Y="1"/>
        <UsageCount Value="16"/>
        <DefaultSyntaxHighlighter Value="LFM"/>
      </Unit2>
      <Unit3>
        <Filename Value="unit2.pas"/>
        <IsPartOfProject Value="True"/>
        <ComponentName Value="Form2"/>
        <ResourceBaseClass Value="Form"/>
        <UnitName Value="Unit2"/>
        <EditorIndex Value="2"/>
        <WindowIndex Value="0"/>
        <TopLine Value="1"/>
        <CursorPos X="1" Y="17"/>
        <UsageCount Value="739"/>
        <Loaded Value="True"/>
      </Unit3>
      <Unit4>
        <Filename Value="unit2.lfm"/>
        <EditorIndex Value="1"/>
        <WindowIndex Value="0"/>
        <TopLine Value="1"/>
        <CursorPos X="1" Y="1"/>
        <UsageCount Value="351"/>
        <Loaded Value="True"/>
        <DefaultSyntaxHighlighter Value="LFM"/>
      </Unit4>
      <Unit5>
        <Filename Value="unit3.pas"/>
        <IsPartOfProject Value="True"/>
        <ComponentName Value="Form3"/>
        <HasResources Value="True"/>
        <ResourceBaseClass Value="Form"/>
        <UnitName Value="Unit3"/>
        <EditorIndex Value="4"/>
        <WindowIndex Value="0"/>
        <TopLine Value="1"/>
        <CursorPos X="1" Y="20"/>
        <UsageCount Value="219"/>
        <Loaded Value="True"/>
        <LoadedDesigner Value="True"/>
      </Unit5>
      <Unit6>
        <Filename Value="C:\lazarus\components\lazutils\fileutil.pas"/>
        <UnitName Value="FileUtil"/>
        <WindowIndex Value="0"/>
        <TopLine Value="54"/>
        <CursorPos X="23" Y="64"/>
        <UsageCount Value="10"/>
      </Unit6>
      <Unit7>
        <Filename Value="ssl_openssl.pas"/>
        <UnitName Value="ssl_openssl"/>
        <WindowIndex Value="0"/>
        <TopLine Value="861"/>
        <CursorPos X="60" Y="871"/>
        <UsageCount Value="10"/>
      </Unit7>
    </Units>
    <JumpHistory Count="29" HistoryIndex="28">
      <Position1>
        <Filename Value="unit3.pas"/>
        <Caret Line="36" Column="25" TopLine="15"/>
      </Position1>
      <Position2>
        <Filename Value="unit3.pas"/>
        <Caret Line="35" Column="25" TopLine="14"/>
      </Position2>
      <Position3>
        <Filename Value="unit3.pas"/>
        <Caret Line="36" Column="25" TopLine="14"/>
      </Position3>
      <Position4>
        <Filename Value="unit1.pas"/>
        <Caret Line="423" Column="25" TopLine="408"/>
      </Position4>
      <Position5>
        <Filename Value="WPA_Ent_Config.lpr"/>
        <Caret Line="11" Column="11" TopLine="1"/>
      </Position5>
      <Position6>
        <Filename Value="unit1.pas"/>
        <Caret Line="171" Column="48" TopLine="152"/>
      </Position6>
      <Position7>
        <Filename Value="unit1.pas"/>
        <Caret Line="150" Column="9" TopLine="124"/>
      </Position7>
      <Position8>
        <Filename Value="unit1.pas"/>
        <Caret Line="462" Column="24" TopLine="436"/>
      </Position8>
      <Position9>
        <Filename Value="unit3.pas"/>
        <Caret Line="38" Column="25" TopLine="14"/>
      </Position9>
      <Position10>
        <Filename Value="unit3.pas"/>
        <Caret Line="42" Column="1" TopLine="18"/>
      </Position10>
      <Position11>
        <Filename Value="unit1.pas"/>
        <Caret Line="97" Column="33" TopLine="79"/>
      </Position11>
      <Position12>
        <Filename Value="unit1.pas"/>
        <Caret Line="257" Column="39" TopLine="228"/>
      </Position12>
      <Position13>
        <Filename Value="unit1.pas"/>
        <Caret Line="259" Column="18" TopLine="230"/>
      </Position13>
      <Position14>
        <Filename Value="unit1.pas"/>
        <Caret Line="116" Column="41" TopLine="92"/>
      </Position14>
      <Position15>
        <Filename Value="unit1.pas"/>
        <Caret Line="47" Column="58" TopLine="29"/>
      </Position15>
      <Position16>
        <Filename Value="unit1.pas"/>
        <Caret Line="327" Column="1" TopLine="310"/>
      </Position16>
      <Position17>
        <Filename Value="unit1.pas"/>
        <Caret Line="163" Column="3" TopLine="154"/>
      </Position17>
      <Position18>
        <Filename Value="unit1.pas"/>
        <Caret Line="149" Column="1" TopLine="139"/>
      </Position18>
      <Position19>
        <Filename Value="unit1.pas"/>
        <Caret Line="1" Column="1" TopLine="1"/>
      </Position19>
      <Position20>
        <Filename Value="unit1.pas"/>
        <Caret Line="23" Column="14" TopLine="15"/>
      </Position20>
      <Position21>
        <Filename Value="unit1.pas"/>
        <Caret Line="75" Column="14" TopLine="65"/>
      </Position21>
      <Position22>
        <Filename Value="unit1.pas"/>
        <Caret Line="74" Column="1" TopLine="59"/>
      </Position22>
      <Position23>
        <Filename Value="unit1.pas"/>
        <Caret Line="319" Column="11" TopLine="309"/>
      </Position23>
      <Position24>
        <Filename Value="unit1.pas"/>
        <Caret Line="295" Column="1" TopLine="276"/>
      </Position24>
      <Position25>
        <Filename Value="unit1.pas"/>
        <Caret Line="236" Column="28" TopLine="224"/>
      </Position25>
      <Position26>
        <Filename Value="unit1.pas"/>
        <Caret Line="261" Column="28" TopLine="257"/>
      </Position26>
      <Position27>
        <Filename Value="unit1.pas"/>
        <Caret Line="271" Column="21" TopLine="257"/>
      </Position27>
      <Position28>
        <Filename Value="unit1.pas"/>
        <Caret Line="236" Column="28" TopLine="252"/>
      </Position28>
      <Position29>
        <Filename Value="unit1.pas"/>
        <Caret Line="261" Column="25" TopLine="282"/>
      </Position29>
    </JumpHistory>
  </ProjectOptions>
  <CompilerOptions>
    <Version Value="11"/>
    <PathDelim Value="\"/>
    <Target>
      <Filename Value="WPA_Ent_Config"/>
    </Target>
    <SearchPaths>
      <IncludeFiles Value="$(ProjOutDir)"/>
      <UnitOutputDirectory Value="lib\$(TargetCPU)-$(TargetOS)"/>
      <SrcPath Value="C:\lazarus\fpc\2.6.0\source\packages\synapse40\source\lib\"/>
    </SearchPaths>
    <CodeGeneration>
      <SmartLinkUnit Value="True"/>
    </CodeGeneration>
    <Linking>
      <Debugging>
        <GenerateDebugInfo Value="False"/>
        <UseLineInfoUnit Value="False"/>
      </Debugging>
      <LinkSmart Value="True"/>
      <Options>
        <Win32>
          <GraphicApplication Value="True"/>
        </Win32>
      </Options>
    </Linking>
    <Other>
      <CompilerMessages>
        <UseMsgFile Value="True"/>
      </CompilerMessages>
      <CompilerPath Value="$(CompPath)"/>
    </Other>
  </CompilerOptions>
</CONFIG>
